Microsoft Visual Studio Solution File, Format Version 12.00
# Visual Studio Version 17
VisualStudioVersion = 17.5.2.0
MinimumVisualStudioVersion = 10.0.40219.1
Project("{FAE04EC0-301F-11D3-BF4B-00C04F79EFBC}") = "SocialAI.Service", "SocialAI.Service\SocialAI.Service.csproj", "{7ED4F1FE-677E-6AB3-8DAE-F723C5E5C004}"
EndProject
Global
	GlobalSection(SolutionConfigurationPlatforms) = preSolution
		Debug|Any CPU = Debug|Any CPU
		Release|Any CPU = Release|Any CPU
	EndGlobalSection
	GlobalSection(ProjectConfigurationPlatforms) = postSolution
		{7ED4F1FE-677E-6AB3-8DAE-F723C5E5C004}.Debug|Any CPU.ActiveCfg = Debug|Any CPU
		{7ED4F1FE-677E-6AB3-8DAE-F723C5E5C004}.Debug|Any CPU.Build.0 = Debug|Any CPU
		{7ED4F1FE-677E-6AB3-8DAE-F723C5E5C004}.Release|Any CPU.ActiveCfg = Release|Any CPU
		{7ED4F1FE-677E-6AB3-8DAE-F723C5E5C004}.Release|Any CPU.Build.0 = Release|Any CPU
	EndGlobalSection
	GlobalSection(SolutionProperties) = preSolution
		HideSolutionNode = FALSE
	EndGlobalSection
	GlobalSection(ExtensibilityGlobals) = postSolution
		SolutionGuid = {502133F5-24FD-47F8-80D8-85287C7A81C4}
	EndGlobalSection
EndGlobal
